
Microsoft Visual Studio Solution File, Format Version 12.00
# Visual Studio Version 17
VisualStudioVersion = 17.8.34511.84
MinimumVisualStudioVersion = 10.0.40219.1
Project("{FAE04EC0-301F-11D3-BF4B-00C04F79EFBC}") = "JwtAuthentication", "JwtAuthentication\JwtAuthentication.csproj", "{7551EC67-8693-4E2E-8BD4-FFA9E87D024D}"
EndProject
Global
	GlobalSection(SolutionConfigurationPlatforms) = preSolution
		Debug|Any CPU = Debug|Any CPU
		Release|Any CPU = Release|Any CPU
	EndGlobalSection
	GlobalSection(ProjectConfigurationPlatforms) = postSolution
		{7551EC67-8693-4E2E-8BD4-FFA9E87D024D}.Debug|Any CPU.ActiveCfg = Debug|Any CPU
		{7551EC67-8693-4E2E-8BD4-FFA9E87D024D}.Debug|Any CPU.Build.0 = Debug|Any CPU
		{7551EC67-8693-4E2E-8BD4-FFA9E87D024D}.Release|Any CPU.ActiveCfg = Release|Any CPU
		{7551EC67-8693-4E2E-8BD4-FFA9E87D024D}.Release|Any CPU.Build.0 = Release|Any CPU
	EndGlobalSection
	GlobalSection(SolutionProperties) = preSolution
		HideSolutionNode = FALSE
	EndGlobalSection
	GlobalSection(ExtensibilityGlobals) = postSolution
		SolutionGuid = {83FE1CEB-F9CF-4891-A998-D205ABDEF50C}
	EndGlobalSection
EndGlobal
